
Microsoft Visual Studio Solution File, Format Version 12.00
# Visual Studio Express 2012 for Windows Desktop
Project("{FAE04EC0-301F-11D3-BF4B-00C04F79EFBC}") = "MANIADESUSHI.GERENCIA.VIEW", "MANIADESUSHI.GERENCIA\MANIADESUSHI.GERENCIA.VIEW.csproj", "{356DA639-0B57-4CD1-9FD2-81C042B1B8F7}"
EndProject
Project("{FAE04EC0-301F-11D3-BF4B-00C04F79EFBC}") = "MANIADESUSHI.GERENCIA.MODEL", "MANIADESUSHI.GERENCIA.MODEL\MANIADESUSHI.GERENCIA.MODEL.csproj", "{381BF562-E379-434A-9E51-7E01541F0FE2}"
EndProject
Project("{FAE04EC0-301F-11D3-BF4B-00C04F79EFBC}") = "MANIADESUSHI.GERENCIA.VIEW2", "MANIADESUSHI.GERENCIA.VIEW2\MANIADESUSHI.GERENCIA.VIEW2.csproj", "{A398BFED-1AD3-48BE-A68F-F1BFD59E9485}"
EndProject
Project("{FAE04EC0-301F-11D3-BF4B-00C04F79EFBC}") = "MANIADESUSHI.GERENCIA.VIEW3", "MANIADESUSHI.GERENCIA.VIEW3\MANIADESUSHI.GERENCIA.VIEW3.csproj", "{CA754AD6-5EAF-4D7F-B48F-53FDA9BFAC05}"
EndProject
Global
	GlobalSection(SolutionConfigurationPlatforms) = preSolution
		Debug|Any CPU = Debug|Any CPU
		Debug|Mixed Platforms = Debug|Mixed Platforms
		Debug|x86 = Debug|x86
		Release|Any CPU = Release|Any CPU
		Release|Mixed Platforms = Release|Mixed Platforms
		Release|x86 = Release|x86
	EndGlobalSection
	GlobalSection(ProjectConfigurationPlatforms) = postSolution
		{356DA639-0B57-4CD1-9FD2-81C042B1B8F7}.Debug|Any CPU.ActiveCfg = Debug|x86
		{356DA639-0B57-4CD1-9FD2-81C042B1B8F7}.Debug|Mixed Platforms.ActiveCfg = Debug|x86
		{356DA639-0B57-4CD1-9FD2-81C042B1B8F7}.Debug|Mixed Platforms.Build.0 = Debug|x86
		{356DA639-0B57-4CD1-9FD2-81C042B1B8F7}.Debug|x86.ActiveCfg = Debug|x86
		{356DA639-0B57-4CD1-9FD2-81C042B1B8F7}.Debug|x86.Build.0 = Debug|x86
		{356DA639-0B57-4CD1-9FD2-81C042B1B8F7}.Release|Any CPU.ActiveCfg = Release|x86
		{356DA639-0B57-4CD1-9FD2-81C042B1B8F7}.Release|Mixed Platforms.ActiveCfg = Release|x86
		{356DA639-0B57-4CD1-9FD2-81C042B1B8F7}.Release|Mixed Platforms.Build.0 = Release|x86
		{356DA639-0B57-4CD1-9FD2-81C042B1B8F7}.Release|x86.ActiveCfg = Release|x86
		{356DA639-0B57-4CD1-9FD2-81C042B1B8F7}.Release|x86.Build.0 = Release|x86
		{381BF562-E379-434A-9E51-7E01541F0FE2}.Debug|Any CPU.ActiveCfg = Debug|Any CPU
		{381BF562-E379-434A-9E51-7E01541F0FE2}.Debug|Any CPU.Build.0 = Debug|Any CPU
		{381BF562-E379-434A-9E51-7E01541F0FE2}.Debug|Mixed Platforms.ActiveCfg = Debug|Any CPU
		{381BF562-E379-434A-9E51-7E01541F0FE2}.Debug|Mixed Platforms.Build.0 = Debug|Any CPU
		{381BF562-E379-434A-9E51-7E01541F0FE2}.Debug|x86.ActiveCfg = Debug|Any CPU
		{381BF562-E379-434A-9E51-7E01541F0FE2}.Release|Any CPU.ActiveCfg = Release|Any CPU
		{381BF562-E379-434A-9E51-7E01541F0FE2}.Release|Any CPU.Build.0 = Release|Any CPU
		{381BF562-E379-434A-9E51-7E01541F0FE2}.Release|Mixed Platforms.ActiveCfg = Release|Any CPU
		{381BF562-E379-434A-9E51-7E01541F0FE2}.Release|Mixed Platforms.Build.0 = Release|Any CPU
		{381BF562-E379-434A-9E51-7E01541F0FE2}.Release|x86.ActiveCfg = Release|Any CPU
		{A398BFED-1AD3-48BE-A68F-F1BFD59E9485}.Debug|Any CPU.ActiveCfg = Debug|Any CPU
		{A398BFED-1AD3-48BE-A68F-F1BFD59E9485}.Debug|Any CPU.Build.0 = Debug|Any CPU
		{A398BFED-1AD3-48BE-A68F-F1BFD59E9485}.Debug|Mixed Platforms.ActiveCfg = Debug|Any CPU
		{A398BFED-1AD3-48BE-A68F-F1BFD59E9485}.Debug|Mixed Platforms.Build.0 = Debug|Any CPU
		{A398BFED-1AD3-48BE-A68F-F1BFD59E9485}.Debug|x86.ActiveCfg = Debug|Any CPU
		{A398BFED-1AD3-48BE-A68F-F1BFD59E9485}.Release|Any CPU.ActiveCfg = Release|Any CPU
		{A398BFED-1AD3-48BE-A68F-F1BFD59E9485}.Release|Any CPU.Build.0 = Release|Any CPU
		{A398BFED-1AD3-48BE-A68F-F1BFD59E9485}.Release|Mixed Platforms.ActiveCfg = Release|Any CPU
		{A398BFED-1AD3-48BE-A68F-F1BFD59E9485}.Release|Mixed Platforms.Build.0 = Release|Any CPU
		{A398BFED-1AD3-48BE-A68F-F1BFD59E9485}.Release|x86.ActiveCfg = Release|Any CPU
		{CA754AD6-5EAF-4D7F-B48F-53FDA9BFAC05}.Debug|Any CPU.ActiveCfg = Debug|Any CPU
		{CA754AD6-5EAF-4D7F-B48F-53FDA9BFAC05}.Debug|Any CPU.Build.0 = Debug|Any CPU
		{CA754AD6-5EAF-4D7F-B48F-53FDA9BFAC05}.Debug|Mixed Platforms.ActiveCfg = Debug|Any CPU
		{CA754AD6-5EAF-4D7F-B48F-53FDA9BFAC05}.Debug|Mixed Platforms.Build.0 = Debug|Any CPU
		{CA754AD6-5EAF-4D7F-B48F-53FDA9BFAC05}.Debug|x86.ActiveCfg = Debug|Any CPU
		{CA754AD6-5EAF-4D7F-B48F-53FDA9BFAC05}.Release|Any CPU.ActiveCfg = Release|Any CPU
		{CA754AD6-5EAF-4D7F-B48F-53FDA9BFAC05}.Release|Any CPU.Build.0 = Release|Any CPU
		{CA754AD6-5EAF-4D7F-B48F-53FDA9BFAC05}.Release|Mixed Platforms.ActiveCfg = Release|Any CPU
		{CA754AD6-5EAF-4D7F-B48F-53FDA9BFAC05}.Release|Mixed Platforms.Build.0 = Release|Any CPU
		{CA754AD6-5EAF-4D7F-B48F-53FDA9BFAC05}.Release|x86.ActiveCfg = Release|Any CPU
	EndGlobalSection
	GlobalSection(SolutionProperties) = preSolution
		HideSolutionNode = FALSE
	EndGlobalSection
EndGlobal
